// !$*UTF8*$!
{
	archiveVersion = 1;
	classes = {
	};
	objectVersion = 46;
	objects = {

/* Begin PBXBuildFile section */
		5A45B6A81B27016B00E953BE /* Parcels.geojson in Resources */ = {isa = PBXBuildFile; fileRef = 5A45B6A71B27016B00E953BE /* Parcels.geojson */; };
		5A6B7BED1B1E6FE900DFA8A6 /* threestates.geojson in Resources */ = {isa = PBXBuildFile; fileRef = 5A6B7BEC1B1E6FE900DFA8A6 /* threestates.geojson */; };
		5ABB17B51B256B6200F47C1C /* ent.entitlements in Resources */ = {isa = PBXBuildFile; fileRef = 5ABB17B41B256B6200F47C1C /* ent.entitlements */; };
		5ABB17B81B25714700F47C1C /* geojson-vt-dev.js in Resources */ = {isa = PBXBuildFile; fileRef = 5ABB17B71B25714700F47C1C /* geojson-vt-dev.js */; };
		5ABB17BA1B25760E00F47C1C /* index.js in Resources */ = {isa = PBXBuildFile; fileRef = 5ABB17B91B25760E00F47C1C /* index.js */; };
		5ADAEAB41B1E53D000D68ADC /* main.m in Sources */ = {isa = PBXBuildFile; fileRef = 5ADAEAB31B1E53D000D68ADC /* main.m */; };
		5ADAEAB71B1E53D000D68ADC /* AppDelegate.m in Sources */ = {isa = PBXBuildFile; fileRef = 5ADAEAB61B1E53D000D68ADC /* AppDelegate.m */; };
		5ADAEABF1B1E53D000D68ADC /* Images.xcassets in Resources */ = {isa = PBXBuildFile; fileRef = 5ADAEABE1B1E53D000D68ADC /* Images.xcassets */; };
		5ADAEACE1B1E53D000D68ADC /* GeoJsonMapKitTests.m in Sources */ = {isa = PBXBuildFile; fileRef = 5ADAEACD1B1E53D000D68ADC /* GeoJsonMapKitTests.m */; };
		5ADAEAD91B1E557400D68ADC /* MapViewController.m in Sources */ = {isa = PBXBuildFile; fileRef = 5ADAEAD81B1E557400D68ADC /* MapViewController.m */; };
		5ADAEAE01B1E559C00D68ADC /* MultiPolygonOverlay.m in Sources */ = {isa = PBXBuildFile; fileRef = 5ADAEADC1B1E559C00D68ADC /* MultiPolygonOverlay.m */; };
		5ADAEAE11B1E559C00D68ADC /* MultiPolygonRenderer.m in Sources */ = {isa = PBXBuildFile; fileRef = 5ADAEADE1B1E559C00D68ADC /* MultiPolygonRenderer.m */; };
		5ADAEAE51B1E582300D68ADC /* CZBorderSimple.js in Resources */ = {isa = PBXBuildFile; fileRef = 5ADAEAE31B1E582300D68ADC /* CZBorderSimple.js */; };
		5ADAEAE61B1E582300D68ADC /* CZdistricts.js in Resources */ = {isa = PBXBuildFile; fileRef = 5ADAEAE41B1E582300D68ADC /* CZdistricts.js */; };
		5ADAEAE81B1E584900D68ADC /* Default-568h@2x.png in Resources */ = {isa = PBXBuildFile; fileRef = 5ADAEAE71B1E584900D68ADC /* Default-568h@2x.png */; };
/* End PBXBuildFile section */

/* Begin PBXContainerItemProxy section */
		5ADAEAC81B1E53D000D68ADC /* PBXContainerItemProxy */ = {
			isa = PBXContainerItemProxy;
			containerPortal = 5ADAEAA61B1E53D000D68ADC /* Project object */;
			proxyType = 1;
			remoteGlobalIDString = 5ADAEAAD1B1E53D000D68ADC;
			remoteInfo = GeoJsonMapKit;
		};
/* End PBXContainerItemProxy section */

/* Begin PBXFileReference section */
		5A45B6A71B27016B00E953BE /* Parcels.geojson */ = {isa = PBXFileReference; fileEncoding = 4; lastKnownFileType = text; path = Parcels.geojson; sourceTree = "<group>"; };
		5A6B7BEC1B1E6FE900DFA8A6 /* threestates.geojson */ = {isa = PBXFileReference; fileEncoding = 4; lastKnownFileType = text; path = threestates.geojson; sourceTree = "<group>"; };
		5ABB17AE1B1F8B0600F47C1C /* MapKitUtils.h */ = {isa = PBXFileReference; fileEncoding = 4; lastKnownFileType = sourcecode.c.h; path = MapKitUtils.h; sourceTree = "<group>"; };
		5ABB17AF1B1F8B8B00F47C1C /* WebLoaderUtils.h */ = {isa = PBXFileReference; fileEncoding = 4; lastKnownFileType = sourcecode.c.h; path = WebLoaderUtils.h; sourceTree = "<group>"; };
		5ABB17B41B256B6200F47C1C /* ent.entitlements */ = {isa = PBXFileReference; fileEncoding = 4; lastKnownFileType = text.xml; path = ent.entitlements; sourceTree = "<group>"; };
		5ABB17B71B25714700F47C1C /* geojson-vt-dev.js */ = {isa = PBXFileReference; fileEncoding = 4; lastKnownFileType = sourcecode.javascript; path = "geojson-vt-dev.js"; sourceTree = "<group>"; };
		5ABB17B91B25760E00F47C1C /* index.js */ = {isa = PBXFileReference; fileEncoding = 4; lastKnownFileType = sourcecode.javascript; path = index.js; sourceTree = "<group>"; };
		5ADAEAAE1B1E53D000D68ADC /* GeoJsonMapKit.app */ = {isa = PBXFileReference; explicitFileType = wrapper.application; includeInIndex = 0; path = GeoJsonMapKit.app; sourceTree = BUILT_PRODUCTS_DIR; };
		5ADAEAB21B1E53D000D68ADC /* Info.plist */ = {isa = PBXFileReference; lastKnownFileType = text.plist.xml; path = Info.plist; sourceTree = "<group>"; };
		5ADAEAB31B1E53D000D68ADC /* main.m */ = {isa = PBXFileReference; lastKnownFileType = sourcecode.c.objc; path = main.m; sourceTree = "<group>"; };
		5ADAEAB51B1E53D000D68ADC /* AppDelegate.h */ = {isa = PBXFileReference; lastKnownFileType = sourcecode.c.h; path = AppDelegate.h; sourceTree = "<group>"; };
		5ADAEAB61B1E53D000D68ADC /* AppDelegate.m */ = {isa = PBXFileReference; lastKnownFileType = sourcecode.c.objc; path = AppDelegate.m; sourceTree = "<group>"; };
		5ADAEABE1B1E53D000D68ADC /* Images.xcassets */ = {isa = PBXFileReference; lastKnownFileType = folder.assetcatalog; path = Images.xcassets; sourceTree = "<group>"; };
		5ADAEAC71B1E53D000D68ADC /* GeoJsonMapKitTests.xctest */ = {isa = PBXFileReference; explicitFileType = wrapper.cfbundle; includeInIndex = 0; path = GeoJsonMapKitTests.xctest; sourceTree = BUILT_PRODUCTS_DIR; };
		5ADAEACC1B1E53D000D68ADC /* Info.plist */ = {isa = PBXFileReference; lastKnownFileType = text.plist.xml; path = Info.plist; sourceTree = "<group>"; };
		5ADAEACD1B1E53D000D68ADC /* GeoJsonMapKitTests.m */ = {isa = PBXFileReference; lastKnownFileType = sourcecode.c.objc; path = GeoJsonMapKitTests.m; sourceTree = "<group>"; };
		5ADAEAD71B1E557400D68ADC /* MapViewController.h */ = {isa = PBXFileReference; fileEncoding = 4; lastKnownFileType = sourcecode.c.h; path = MapViewController.h; sourceTree = "<group>"; };
		5ADAEAD81B1E557400D68ADC /* MapViewController.m */ = {isa = PBXFileReference; fileEncoding = 4; lastKnownFileType = sourcecode.c.objc; path = MapViewController.m; sourceTree = "<group>"; };
		5ADAEADB1B1E559C00D68ADC /* MultiPolygonOverlay.h */ = {isa = PBXFileReference; fileEncoding = 4; lastKnownFileType = sourcecode.c.h; path = MultiPolygonOverlay.h; sourceTree = "<group>"; };
		5ADAEADC1B1E559C00D68ADC /* MultiPolygonOverlay.m */ = {isa = PBXFileReference; fileEncoding = 4; lastKnownFileType = sourcecode.c.objc; path = MultiPolygonOverlay.m; sourceTree = "<group>"; };
		5ADAEADD1B1E559C00D68ADC /* MultiPolygonRenderer.h */ = {isa = PBXFileReference; fileEncoding = 4; lastKnownFileType = sourcecode.c.h; path = MultiPolygonRenderer.h; sourceTree = "<group>"; };
		5ADAEADE1B1E559C00D68ADC /* MultiPolygonRenderer.m */ = {isa = PBXFileReference; fileEncoding = 4; lastKnownFileType = sourcecode.c.objc; path = MultiPolygonRenderer.m; sourceTree = "<group>"; };
		5ADAEAE31B1E582300D68ADC /* CZBorderSimple.js */ = {isa = PBXFileReference; fileEncoding = 4; lastKnownFileType = sourcecode.javascript; path = CZBorderSimple.js; sourceTree = "<group>"; };
		5ADAEAE41B1E582300D68ADC /* CZdistricts.js */ = {isa = PBXFileReference; fileEncoding = 4; lastKnownFileType = sourcecode.javascript; path = CZdistricts.js; sourceTree = "<group>"; };
		5ADAEAE71B1E584900D68ADC /* Default-568h@2x.png */ = {isa = PBXFileReference; lastKnownFileType = image.png; path = "Default-568h@2x.png"; sourceTree = "<group>"; };
/* End PBXFileReference section */

/* Begin PBXFrameworksBuildPhase section */
		5ADAEAAB1B1E53D000D68ADC /* Frameworks */ = {
			isa = PBXFrameworksBuildPhase;
			buildActionMask = 2147483647;
			files = (
			);
			runOnlyForDeploymentPostprocessing = 0;
		};
		5ADAEAC41B1E53D000D68ADC /* Frameworks */ = {
			isa = PBXFrameworksBuildPhase;
			buildActionMask = 2147483647;
			files = (
			);
			runOnlyForDeploymentPostprocessing = 0;
		};
/* End PBXFrameworksBuildPhase section */

/* Begin PBXGroup section */
		5ABB17B61B25714700F47C1C /* js */ = {
			isa = PBXGroup;
			children = (
				5ABB17B91B25760E00F47C1C /* index.js */,
				5ABB17B71B25714700F47C1C /* geojson-vt-dev.js */,
			);
			path = js;
			sourceTree = "<group>";
		};
		5ADAEAA51B1E53D000D68ADC = {
			isa = PBXGroup;
			children = (
				5ADAEAE71B1E584900D68ADC /* Default-568h@2x.png */,
				5ADAEAB01B1E53D000D68ADC /* GeoJsonMapKit */,
				5ADAEACA1B1E53D000D68ADC /* GeoJsonMapKitTests */,
				5ADAEAAF1B1E53D000D68ADC /* Products */,
			);
			sourceTree = "<group>";
		};
		5ADAEAAF1B1E53D000D68ADC /* Products */ = {
			isa = PBXGroup;
			children = (
				5ADAEAAE1B1E53D000D68ADC /* GeoJsonMapKit.app */,
				5ADAEAC71B1E53D000D68ADC /* GeoJsonMapKitTests.xctest */,
			);
			name = Products;
			sourceTree = "<group>";
		};
		5ADAEAB01B1E53D000D68ADC /* GeoJsonMapKit */ = {
			isa = PBXGroup;
			children = (
				5ABB17B61B25714700F47C1C /* js */,
				5ADAEAE21B1E582300D68ADC /* data */,
				5ADAEADA1B1E559C00D68ADC /* overlay */,
				5ADAEAD71B1E557400D68ADC /* MapViewController.h */,
				5ADAEAD81B1E557400D68ADC /* MapViewController.m */,
				5ADAEAB51B1E53D000D68ADC /* AppDelegate.h */,
				5ADAEAB61B1E53D000D68ADC /* AppDelegate.m */,
				5ADAEABE1B1E53D000D68ADC /* Images.xcassets */,
				5ADAEAB11B1E53D000D68ADC /* Supporting Files */,
			);
			path = GeoJsonMapKit;
			sourceTree = "<group>";
		};
		5ADAEAB11B1E53D000D68ADC /* Supporting Files */ = {
			isa = PBXGroup;
			children = (
				5ADAEAB21B1E53D000D68ADC /* Info.plist */,
				5ADAEAB31B1E53D000D68ADC /* main.m */,
				5ABB17B41B256B6200F47C1C /* ent.entitlements */,
			);
			name = "Supporting Files";
			sourceTree = "<group>";
		};
		5ADAEACA1B1E53D000D68ADC /* GeoJsonMapKitTests */ = {
			isa = PBXGroup;
			children = (
				5ADAEACD1B1E53D000D68ADC /* GeoJsonMapKitTests.m */,
				5ADAEACB1B1E53D000D68ADC /* Supporting Files */,
			);
			path = GeoJsonMapKitTests;
			sourceTree = "<group>";
		};
		5ADAEACB1B1E53D000D68ADC /* Supporting Files */ = {
			isa = PBXGroup;
			children = (
				5ADAEACC1B1E53D000D68ADC /* Info.plist */,
			);
			name = "Supporting Files";
			sourceTree = "<group>";
		};
		5ADAEADA1B1E559C00D68ADC /* overlay */ = {
			isa = PBXGroup;
			children = (
				5ABB17AF1B1F8B8B00F47C1C /* WebLoaderUtils.h */,
				5ABB17AE1B1F8B0600F47C1C /* MapKitUtils.h */,
				5ADAEADB1B1E559C00D68ADC /* MultiPolygonOverlay.h */,
				5ADAEADC1B1E559C00D68ADC /* MultiPolygonOverlay.m */,
				5ADAEADD1B1E559C00D68ADC /* MultiPolygonRenderer.h */,
				5ADAEADE1B1E559C00D68ADC /* MultiPolygonRenderer.m */,
			);
			path = overlay;
			sourceTree = "<group>";
		};
		5ADAEAE21B1E582300D68ADC /* data */ = {
			isa = PBXGroup;
			children = (
				5A45B6A71B27016B00E953BE /* Parcels.geojson */,
				5A6B7BEC1B1E6FE900DFA8A6 /* threestates.geojson */,
				5ADAEAE31B1E582300D68ADC /* CZBorderSimple.js */,
				5ADAEAE41B1E582300D68ADC /* CZdistricts.js */,
			);
			path = data;
			sourceTree = "<group>";
		};
/* End PBXGroup section */

/* Begin PBXNativeTarget section */
		5ADAEAAD1B1E53D000D68ADC /* GeoJsonMapKit */ = {
			isa = PBXNativeTarget;
			buildConfigurationList = 5ADAEAD11B1E53D000D68ADC /* Build configuration list for PBXNativeTarget "GeoJsonMapKit" */;
			buildPhases = (
				5ADAEAAA1B1E53D000D68ADC /* Sources */,
				5ADAEAAB1B1E53D000D68ADC /* Frameworks */,
				5ADAEAAC1B1E53D000D68ADC /* Resources */,
			);
			buildRules = (
			);
			dependencies = (
			);
			name = GeoJsonMapKit;
			productName = GeoJsonMapKit;
			productReference = 5ADAEAAE1B1E53D000D68ADC /* GeoJsonMapKit.app */;
			productType = "com.apple.product-type.application";
		};
		5ADAEAC61B1E53D000D68ADC /* GeoJsonMapKitTests */ = {
			isa = PBXNativeTarget;
			buildConfigurationList = 5ADAEAD41B1E53D000D68ADC /* Build configuration list for PBXNativeTarget "GeoJsonMapKitTests" */;
			buildPhases = (
				5ADAEAC31B1E53D000D68ADC /* Sources */,
				5ADAEAC41B1E53D000D68ADC /* Frameworks */,
				5ADAEAC51B1E53D000D68ADC /* Resources */,
			);
			buildRules = (
			);
			dependencies = (
				5ADAEAC91B1E53D000D68ADC /* PBXTargetDependency */,
			);
			name = GeoJsonMapKitTests;
			productName = GeoJsonMapKitTests;
			productReference = 5ADAEAC71B1E53D000D68ADC /* GeoJsonMapKitTests.xctest */;
			productType = "com.apple.product-type.bundle.unit-test";
		};
/* End PBXNativeTarget section */

/* Begin PBXProject section */
		5ADAEAA61B1E53D000D68ADC /* Project object */ = {
			isa = PBXProject;
			attributes = {
				LastUpgradeCheck = 0630;
				ORGANIZATIONNAME = sumbera;
				TargetAttributes = {
					5ADAEAAD1B1E53D000D68ADC = {
						CreatedOnToolsVersion = 6.3.2;
						SystemCapabilities = {
							com.apple.Maps.iOS = {
								enabled = 0;
							};
						};
					};
					5ADAEAC61B1E53D000D68ADC = {
						CreatedOnToolsVersion = 6.3.2;
						TestTargetID = 5ADAEAAD1B1E53D000D68ADC;
					};
				};
			};
			buildConfigurationList = 5ADAEAA91B1E53D000D68ADC /* Build configuration list for PBXProject "GeoJsonMapKit" */;
			compatibilityVersion = "Xcode 3.2";
			developmentRegion = English;
			hasScannedForEncodings = 0;
			knownRegions = (
				en,
				Base,
			);
			mainGroup = 5ADAEAA51B1E53D000D68ADC;
			productRefGroup = 5ADAEAAF1B1E53D000D68ADC /* Products */;
			projectDirPath = "";
			projectRoot = "";
			targets = (
				5ADAEAAD1B1E53D000D68ADC /* GeoJsonMapKit */,
				5ADAEAC61B1E53D000D68ADC /* GeoJsonMapKitTests */,
			);
		};
/* End PBXProject section */

/* Begin PBXResourcesBuildPhase section */
		5ADAEAAC1B1E53D000D68ADC /* Resources */ = {
			isa = PBXResourcesBuildPhase;
			buildActionMask = 2147483647;
			files = (
				5ABB17B81B25714700F47C1C /* geojson-vt-dev.js in Resources */,
				5ADAEAE61B1E582300D68ADC /* CZdistricts.js in Resources */,
				5ABB17B51B256B6200F47C1C /* ent.entitlements in Resources */,
				5ABB17BA1B25760E00F47C1C /* index.js in Resources */,
				5ADAEAE81B1E584900D68ADC /* Default-568h@2x.png in Resources */,
				5A6B7BED1B1E6FE900DFA8A6 /* threestates.geojson in Resources */,
				5ADAEABF1B1E53D000D68ADC /* Images.xcassets in Resources */,
				5ADAEAE51B1E582300D68ADC /* CZBorderSimple.js in Resources */,
				5A45B6A81B27016B00E953BE /* Parcels.geojson in Resources */,
			);
			runOnlyForDeploymentPostprocessing = 0;
		};
		5ADAEAC51B1E53D000D68ADC /* Resources */ = {
			isa = PBXResourcesBuildPhase;
			buildActionMask = 2147483647;
			files = (
			);
			runOnlyForDeploymentPostprocessing = 0;
		};
/* End PBXResourcesBuildPhase section */

/* Begin PBXSourcesBuildPhase section */
		5ADAEAAA1B1E53D000D68ADC /* Sources */ = {
			isa = PBXSourcesBuildPhase;
			buildActionMask = 2147483647;
			files = (
				5ADAEAD91B1E557400D68ADC /* MapViewController.m in Sources */,
				5ADAEAE11B1E559C00D68ADC /* MultiPolygonRenderer.m in Sources */,
				5ADAEAE01B1E559C00D68ADC /* MultiPolygonOverlay.m in Sources */,
				5ADAEAB71B1E53D000D68ADC /* AppDelegate.m in Sources */,
				5ADAEAB41B1E53D000D68ADC /* main.m in Sources */,
			);
			runOnlyForDeploymentPostprocessing = 0;
		};
		5ADAEAC31B1E53D000D68ADC /* Sources */ = {
			isa = PBXSourcesBuildPhase;
			buildActionMask = 2147483647;
			files = (
				5ADAEACE1B1E53D000D68ADC /* GeoJsonMapKitTests.m in Sources */,
			);
			runOnlyForDeploymentPostprocessing = 0;
		};
/* End PBXSourcesBuildPhase section */

/* Begin PBXTargetDependency section */
		5ADAEAC91B1E53D000D68ADC /* PBXTargetDependency */ = {
			isa = PBXTargetDependency;
			target = 5ADAEAAD1B1E53D000D68ADC /* GeoJsonMapKit */;
			targetProxy = 5ADAEAC81B1E53D000D68ADC /* PBXContainerItemProxy */;
		};
/* End PBXTargetDependency section */

/* Begin XCBuildConfiguration section */
		5ADAEACF1B1E53D000D68ADC /* Debug */ = {
			isa = XCBuildConfiguration;
			buildSettings = {
				ALWAYS_SEARCH_USER_PATHS = NO;
				CLANG_CXX_LANGUAGE_STANDARD = "gnu++0x";
				CLANG_CXX_LIBRARY = "libc++";
				CLANG_ENABLE_MODULES = YES;
				CLANG_ENABLE_OBJC_ARC = YES;
				CLANG_WARN_BOOL_CONVERSION = YES;
				CLANG_WARN_CONSTANT_CONVERSION = YES;
				CLANG_WARN_DIRECT_OBJC_ISA_USAGE = YES_ERROR;
				CLANG_WARN_EMPTY_BODY = YES;
				CLANG_WARN_ENUM_CONVERSION = YES;
				CLANG_WARN_INT_CONVERSION = YES;
				CLANG_WARN_OBJC_ROOT_CLASS = YES_ERROR;
				CLANG_WARN_UNREACHABLE_CODE = YES;
				CLANG_WARN__DUPLICATE_METHOD_MATCH = YES;
				"CODE_SIGN_IDENTITY[sdk=iphoneos*]" = "iPhone Developer";
				COPY_PHASE_STRIP = NO;
				DEBUG_INFORMATION_FORMAT = "dwarf-with-dsym";
				ENABLE_STRICT_OBJC_MSGSEND = YES;
				GCC_C_LANGUAGE_STANDARD = gnu99;
				GCC_DYNAMIC_NO_PIC = NO;
				GCC_NO_COMMON_BLOCKS = YES;
				GCC_OPTIMIZATION_LEVEL = 0;
				GCC_PREPROCESSOR_DEFINITIONS = (
					"DEBUG=1",
					"$(inherited)",
				);
				GCC_SYMBOLS_PRIVATE_EXTERN = NO;
				GCC_WARN_64_TO_32_BIT_CONVERSION = YES;
				GCC_WARN_ABOUT_RETURN_TYPE = YES_ERROR;
				GCC_WARN_UNDECLARED_SELECTOR = YES;
				GCC_WARN_UNINITIALIZED_AUTOS = YES_AGGRESSIVE;
				GCC_WARN_UNUSED_FUNCTION = YES;
				GCC_WARN_UNUSED_VARIABLE = YES;
				IPHONEOS_DEPLOYMENT_TARGET = 8.3;
				MTL_ENABLE_DEBUG_INFO = YES;
				ONLY_ACTIVE_ARCH = YES;
				SDKROOT = iphoneos;
				TARGETED_DEVICE_FAMILY = "1,2";
			};
			name = Debug;
		};
		5ADAEAD01B1E53D000D68ADC /* Release */ = {
			isa = XCBuildConfiguration;
			buildSettings = {
				ALWAYS_SEARCH_USER_PATHS = NO;
				CLANG_CXX_LANGUAGE_STANDARD = "gnu++0x";
				CLANG_CXX_LIBRARY = "libc++";
				CLANG_ENABLE_MODULES = YES;
				CLANG_ENABLE_OBJC_ARC = YES;
				CLANG_WARN_BOOL_CONVERSION = YES;
				CLANG_WARN_CONSTANT_CONVERSION = YES;
				CLANG_WARN_DIRECT_OBJC_ISA_USAGE = YES_ERROR;
				CLANG_WARN_EMPTY_BODY = YES;
				CLANG_WARN_ENUM_CONVERSION = YES;
				CLANG_WARN_INT_CONVERSION = YES;
				CLANG_WARN_OBJC_ROOT_CLASS = YES_ERROR;
				CLANG_WARN_UNREACHABLE_CODE = YES;
				CLANG_WARN__DUPLICATE_METHOD_MATCH = YES;
				"CODE_SIGN_IDENTITY[sdk=iphoneos*]" = "iPhone Developer";
				COPY_PHASE_STRIP = NO;
				DEBUG_INFORMATION_FORMAT = "dwarf-with-dsym";
				ENABLE_NS_ASSERTIONS = NO;
				ENABLE_STRICT_OBJC_MSGSEND = YES;
				GCC_C_LANGUAGE_STANDARD = gnu99;
				GCC_NO_COMMON_BLOCKS = YES;
				GCC_WARN_64_TO_32_BIT_CONVERSION = YES;
				GCC_WARN_ABOUT_RETURN_TYPE = YES_ERROR;
				GCC_WARN_UNDECLARED_SELECTOR = YES;
				GCC_WARN_UNINITIALIZED_AUTOS = YES_AGGRESSIVE;
				GCC_WARN_UNUSED_FUNCTION = YES;
				GCC_WARN_UNUSED_VARIABLE = YES;
				IPHONEOS_DEPLOYMENT_TARGET = 8.3;
				MTL_ENABLE_DEBUG_INFO = NO;
				SDKROOT = iphoneos;
				TARGETED_DEVICE_FAMILY = "1,2";
				VALIDATE_PRODUCT = YES;
			};
			name = Release;
		};
		5ADAEAD21B1E53D000D68ADC /* Debug */ = {
			isa = XCBuildConfiguration;
			buildSettings = {
				ASSETCATALOG_COMPILER_APPICON_NAME = AppIcon;
				DEFINES_MODULE = YES;
				INFOPLIST_FILE = GeoJsonMapKit/Info.plist;
				LD_RUNPATH_SEARCH_PATHS = "$(inherited) @executable_path/Frameworks";
				PRODUCT_NAME = "$(TARGET_NAME)";
			};
			name = Debug;
		};
		5ADAEAD31B1E53D000D68ADC /* Release */ = {
			isa = XCBuildConfiguration;
			buildSettings = {
				ASSETCATALOG_COMPILER_APPICON_NAME = AppIcon;
				DEFINES_MODULE = YES;
				INFOPLIST_FILE = GeoJsonMapKit/Info.plist;
				LD_RUNPATH_SEARCH_PATHS = "$(inherited) @executable_path/Frameworks";
				PRODUCT_NAME = "$(TARGET_NAME)";
			};
			name = Release;
		};
		5ADAEAD51B1E53D000D68ADC /* Debug */ = {
			isa = XCBuildConfiguration;
			buildSettings = {
				BUNDLE_LOADER = "$(TEST_HOST)";
				FRAMEWORK_SEARCH_PATHS = (
					"$(SDKROOT)/Developer/Library/Frameworks",
					"$(inherited)",
				);
				GCC_PREPROCESSOR_DEFINITIONS = (
					"DEBUG=1",
					"$(inherited)",
				);
				INFOPLIST_FILE = GeoJsonMapKitTests/Info.plist;
				LD_RUNPATH_SEARCH_PATHS = "$(inherited) @executable_path/Frameworks @loader_path/Frameworks";
				PRODUCT_NAME = "$(TARGET_NAME)";
				TEST_HOST = "$(BUILT_PRODUCTS_DIR)/GeoJsonMapKit.app/GeoJsonMapKit";
			};
			name = Debug;
		};
		5ADAEAD61B1E53D000D68ADC /* Release */ = {
			isa = XCBuildConfiguration;
			buildSettings = {
				BUNDLE_LOADER = "$(TEST_HOST)";
				FRAMEWORK_SEARCH_PATHS = (
					"$(SDKROOT)/Developer/Library/Frameworks",
					"$(inherited)",
				);
				INFOPLIST_FILE = GeoJsonMapKitTests/Info.plist;
				LD_RUNPATH_SEARCH_PATHS = "$(inherited) @executable_path/Frameworks @loader_path/Frameworks";
				PRODUCT_NAME = "$(TARGET_NAME)";
				TEST_HOST = "$(BUILT_PRODUCTS_DIR)/GeoJsonMapKit.app/GeoJsonMapKit";
			};
			name = Release;
		};
/* End XCBuildConfiguration section */

/* Begin XCConfigurationList section */
		5ADAEAA91B1E53D000D68ADC /* Build configuration list for PBXProject "GeoJsonMapKit" */ = {
			isa = XCConfigurationList;
			buildConfigurations = (
				5ADAEACF1B1E53D000D68ADC /* Debug */,
				5ADAEAD01B1E53D000D68ADC /* Release */,
			);
			defaultConfigurationIsVisible = 0;
			defaultConfigurationName = Release;
		};
		5ADAEAD11B1E53D000D68ADC /* Build configuration list for PBXNativeTarget "GeoJsonMapKit" */ = {
			isa = XCConfigurationList;
			buildConfigurations = (
				5ADAEAD21B1E53D000D68ADC /* Debug */,
				5ADAEAD31B1E53D000D68ADC /* Release */,
			);
			defaultConfigurationIsVisible = 0;
			defaultConfigurationName = Release;
		};
		5ADAEAD41B1E53D000D68ADC /* Build configuration list for PBXNativeTarget "GeoJsonMapKitTests" */ = {
			isa = XCConfigurationList;
			buildConfigurations = (
				5ADAEAD51B1E53D000D68ADC /* Debug */,
				5ADAEAD61B1E53D000D68ADC /* Release */,
			);
			defaultConfigurationIsVisible = 0;
			defaultConfigurationName = Release;
		};
/* End XCConfigurationList section */
	};
	rootObject = 5ADAEAA61B1E53D000D68ADC /* Project object */;
}
