// !$*UTF8*$!
{
	archiveVersion = 1;
	classes = {
	};
	objectVersion = 46;
	objects = {

/* Begin PBXBuildFile section */
		5ADAEAB41B1E53D000D68ADC /* main.m in Sources */ = {isa = PBXBuildFile; fileRef = 5ADAEAB31B1E53D000D68ADC /* main.m */; };
		5ADAEAB71B1E53D000D68ADC /* AppDelegate.m in Sources */ = {isa = PBXBuildFile; fileRef = 5ADAEAB61B1E53D000D68ADC /* AppDelegate.m */; };
		5ADAEABA1B1E53D000D68ADC /* ViewController.m in Sources */ = {isa = PBXBuildFile; fileRef = 5ADAEAB91B1E53D000D68ADC /* ViewController.m */; };
		5ADAEABD1B1E53D000D68ADC /* Main.storyboard in Resources */ = {isa = PBXBuildFile; fileRef = 5ADAEABB1B1E53D000D68ADC /* Main.storyboard */; };
		5ADAEABF1B1E53D000D68ADC /* Images.xcassets in Resources */ = {isa = PBXBuildFile; fileRef = 5ADAEABE1B1E53D000D68ADC /* Images.xcassets */; };
		5ADAEAC21B1E53D000D68ADC /* LaunchScreen.xib in Resources */ = {isa = PBXBuildFile; fileRef = 5ADAEAC01B1E53D000D68ADC /* LaunchScreen.xib */; };
		5ADAEACE1B1E53D000D68ADC /* GeoJsonMapKitTests.m in Sources */ = {isa = PBXBuildFile; fileRef = 5ADAEACD1B1E53D000D68ADC /* GeoJsonMapKitTests.m */; };
/* End PBXBuildFile section */

/* Begin PBXContainerItemProxy section */
		5ADAEAC81B1E53D000D68ADC /* PBXContainerItemProxy */ = {
			isa = PBXContainerItemProxy;
			containerPortal = 5ADAEAA61B1E53D000D68ADC /* Project object */;
			proxyType = 1;
			remoteGlobalIDString = 5ADAEAAD1B1E53D000D68ADC;
			remoteInfo = GeoJsonMapKit;
		};
/* End PBXContainerItemProxy section */

/* Begin PBXFileReference section */
		5ADAEAAE1B1E53D000D68ADC /* GeoJsonMapKit.app */ = {isa = PBXFileReference; explicitFileType = wrapper.application; includeInIndex = 0; path = GeoJsonMapKit.app; sourceTree = BUILT_PRODUCTS_DIR; };
		5ADAEAB21B1E53D000D68ADC /* Info.plist */ = {isa = PBXFileReference; lastKnownFileType = text.plist.xml; path = Info.plist; sourceTree = "<group>"; };
		5ADAEAB31B1E53D000D68ADC /* main.m */ = {isa = PBXFileReference; lastKnownFileType = sourcecode.c.objc; path = main.m; sourceTree = "<group>"; };
		5ADAEAB51B1E53D000D68ADC /* AppDelegate.h */ = {isa = PBXFileReference; lastKnownFileType = sourcecode.c.h; path = AppDelegate.h; sourceTree = "<group>"; };
		5ADAEAB61B1E53D000D68ADC /* AppDelegate.m */ = {isa = PBXFileReference; lastKnownFileType = sourcecode.c.objc; path = AppDelegate.m; sourceTree = "<group>"; };
		5ADAEAB81B1E53D000D68ADC /* ViewController.h */ = {isa = PBXFileReference; lastKnownFileType = sourcecode.c.h; path = ViewController.h; sourceTree = "<group>"; };
		5ADAEAB91B1E53D000D68ADC /* ViewController.m */ = {isa = PBXFileReference; lastKnownFileType = sourcecode.c.objc; path = ViewController.m; sourceTree = "<group>"; };
		5ADAEABC1B1E53D000D68ADC /* Base */ = {isa = PBXFileReference; lastKnownFileType = file.storyboard; name = Base; path = Base.lproj/Main.storyboard; sourceTree = "<group>"; };
		5ADAEABE1B1E53D000D68ADC /* Images.xcassets */ = {isa = PBXFileReference; lastKnownFileType = folder.assetcatalog; path = Images.xcassets; sourceTree = "<group>"; };
		5ADAEAC11B1E53D000D68ADC /* Base */ = {isa = PBXFileReference; lastKnownFileType = file.xib; name = Base; path = Base.lproj/LaunchScreen.xib; sourceTree = "<group>"; };
		5ADAEAC71B1E53D000D68ADC /* GeoJsonMapKitTests.xctest */ = {isa = PBXFileReference; explicitFileType = wrapper.cfbundle; includeInIndex = 0; path = GeoJsonMapKitTests.xctest; sourceTree = BUILT_PRODUCTS_DIR; };
		5ADAEACC1B1E53D000D68ADC /* Info.plist */ = {isa = PBXFileReference; lastKnownFileType = text.plist.xml; path = Info.plist; sourceTree = "<group>"; };
		5ADAEACD1B1E53D000D68ADC /* GeoJsonMapKitTests.m */ = {isa = PBXFileReference; lastKnownFileType = sourcecode.c.objc; path = GeoJsonMapKitTests.m; sourceTree = "<group>"; };
/* End PBXFileReference section */

/* Begin PBXFrameworksBuildPhase section */
		5ADAEAAB1B1E53D000D68ADC /* Frameworks */ = {
			isa = PBXFrameworksBuildPhase;
			buildActionMask = 2147483647;
			files = (
			);
			runOnlyForDeploymentPostprocessing = 0;
		};
		5ADAEAC41B1E53D000D68ADC /* Frameworks */ = {
			isa = PBXFrameworksBuildPhase;
			buildActionMask = 2147483647;
			files = (
			);
			runOnlyForDeploymentPostprocessing = 0;
		};
/* End PBXFrameworksBuildPhase section */

/* Begin PBXGroup section */
		5ADAEAA51B1E53D000D68ADC = {
			isa = PBXGroup;
			children = (
				5ADAEAB01B1E53D000D68ADC /* GeoJsonMapKit */,
				5ADAEACA1B1E53D000D68ADC /* GeoJsonMapKitTests */,
				5ADAEAAF1B1E53D000D68ADC /* Products */,
			);
			sourceTree = "<group>";
		};
		5ADAEAAF1B1E53D000D68ADC /* Products */ = {
			isa = PBXGroup;
			children = (
				5ADAEAAE1B1E53D000D68ADC /* GeoJsonMapKit.app */,
				5ADAEAC71B1E53D000D68ADC /* GeoJsonMapKitTests.xctest */,
			);
			name = Products;
			sourceTree = "<group>";
		};
		5ADAEAB01B1E53D000D68ADC /* GeoJsonMapKit */ = {
			isa = PBXGroup;
			children = (
				5ADAEAB51B1E53D000D68ADC /* AppDelegate.h */,
				5ADAEAB61B1E53D000D68ADC /* AppDelegate.m */,
				5ADAEAB81B1E53D000D68ADC /* ViewController.h */,
				5ADAEAB91B1E53D000D68ADC /* ViewController.m */,
				5ADAEABB1B1E53D000D68ADC /* Main.storyboard */,
				5ADAEABE1B1E53D000D68ADC /* Images.xcassets */,
				5ADAEAC01B1E53D000D68ADC /* LaunchScreen.xib */,
				5ADAEAB11B1E53D000D68ADC /* Supporting Files */,
			);
			path = GeoJsonMapKit;
			sourceTree = "<group>";
		};
		5ADAEAB11B1E53D000D68ADC /* Supporting Files */ = {
			isa = PBXGroup;
			children = (
				5ADAEAB21B1E53D000D68ADC /* Info.plist */,
				5ADAEAB31B1E53D000D68ADC /* main.m */,
			);
			name = "Supporting Files";
			sourceTree = "<group>";
		};
		5ADAEACA1B1E53D000D68ADC /* GeoJsonMapKitTests */ = {
			isa = PBXGroup;
			children = (
				5ADAEACD1B1E53D000D68ADC /* GeoJsonMapKitTests.m */,
				5ADAEACB1B1E53D000D68ADC /* Supporting Files */,
			);
			path = GeoJsonMapKitTests;
			sourceTree = "<group>";
		};
		5ADAEACB1B1E53D000D68ADC /* Supporting Files */ = {
			isa = PBXGroup;
			children = (
				5ADAEACC1B1E53D000D68ADC /* Info.plist */,
			);
			name = "Supporting Files";
			sourceTree = "<group>";
		};
/* End PBXGroup section */

/* Begin PBXNativeTarget section */
		5ADAEAAD1B1E53D000D68ADC /* GeoJsonMapKit */ = {
			isa = PBXNativeTarget;
			buildConfigurationList = 5ADAEAD11B1E53D000D68ADC /* Build configuration list for PBXNativeTarget "GeoJsonMapKit" */;
			buildPhases = (
				5ADAEAAA1B1E53D000D68ADC /* Sources */,
				5ADAEAAB1B1E53D000D68ADC /* Frameworks */,
				5ADAEAAC1B1E53D000D68ADC /* Resources */,
			);
			buildRules = (
			);
			dependencies = (
			);
			name = GeoJsonMapKit;
			productName = GeoJsonMapKit;
			productReference = 5ADAEAAE1B1E53D000D68ADC /* GeoJsonMapKit.app */;
			productType = "com.apple.product-type.application";
		};
		5ADAEAC61B1E53D000D68ADC /* GeoJsonMapKitTests */ = {
			isa = PBXNativeTarget;
			buildConfigurationList = 5ADAEAD41B1E53D000D68ADC /* Build configuration list for PBXNativeTarget "GeoJsonMapKitTests" */;
			buildPhases = (
				5ADAEAC31B1E53D000D68ADC /* Sources */,
				5ADAEAC41B1E53D000D68ADC /* Frameworks */,
				5ADAEAC51B1E53D000D68ADC /* Resources */,
			);
			buildRules = (
			);
			dependencies = (
				5ADAEAC91B1E53D000D68ADC /* PBXTargetDependency */,
			);
			name = GeoJsonMapKitTests;
			productName = GeoJsonMapKitTests;
			productReference = 5ADAEAC71B1E53D000D68ADC /* GeoJsonMapKitTests.xctest */;
			productType = "com.apple.product-type.bundle.unit-test";
		};
/* End PBXNativeTarget section */

/* Begin PBXProject section */
		5ADAEAA61B1E53D000D68ADC /* Project object */ = {
			isa = PBXProject;
			attributes = {
				LastUpgradeCheck = 0630;
				ORGANIZATIONNAME = sumbera;
				TargetAttributes = {
					5ADAEAAD1B1E53D000D68ADC = {
						CreatedOnToolsVersion = 6.3.2;
					};
					5ADAEAC61B1E53D000D68ADC = {
						CreatedOnToolsVersion = 6.3.2;
						TestTargetID = 5ADAEAAD1B1E53D000D68ADC;
					};
				};
			};
			buildConfigurationList = 5ADAEAA91B1E53D000D68ADC /* Build configuration list for PBXProject "GeoJsonMapKit" */;
			compatibilityVersion = "Xcode 3.2";
			developmentRegion = English;
			hasScannedForEncodings = 0;
			knownRegions = (
				en,
				Base,
			);
			mainGroup = 5ADAEAA51B1E53D000D68ADC;
			productRefGroup = 5ADAEAAF1B1E53D000D68ADC /* Products */;
			projectDirPath = "";
			projectRoot = "";
			targets = (
				5ADAEAAD1B1E53D000D68ADC /* GeoJsonMapKit */,
				5ADAEAC61B1E53D000D68ADC /* GeoJsonMapKitTests */,
			);
		};
/* End PBXProject section */

/* Begin PBXResourcesBuildPhase section */
		5ADAEAAC1B1E53D000D68ADC /* Resources */ = {
			isa = PBXResourcesBuildPhase;
			buildActionMask = 2147483647;
			files = (
				5ADAEABD1B1E53D000D68ADC /* Main.storyboard in Resources */,
				5ADAEAC21B1E53D000D68ADC /* LaunchScreen.xib in Resources */,
				5ADAEABF1B1E53D000D68ADC /* Images.xcassets in Resources */,
			);
			runOnlyForDeploymentPostprocessing = 0;
		};
		5ADAEAC51B1E53D000D68ADC /* Resources */ = {
			isa = PBXResourcesBuildPhase;
			buildActionMask = 2147483647;
			files = (
			);
			runOnlyForDeploymentPostprocessing = 0;
		};
/* End PBXResourcesBuildPhase section */

/* Begin PBXSourcesBuildPhase section */
		5ADAEAAA1B1E53D000D68ADC /* Sources */ = {
			isa = PBXSourcesBuildPhase;
			buildActionMask = 2147483647;
			files = (
				5ADAEABA1B1E53D000D68ADC /* ViewController.m in Sources */,
				5ADAEAB71B1E53D000D68ADC /* AppDelegate.m in Sources */,
				5ADAEAB41B1E53D000D68ADC /* main.m in Sources */,
			);
			runOnlyForDeploymentPostprocessing = 0;
		};
		5ADAEAC31B1E53D000D68ADC /* Sources */ = {
			isa = PBXSourcesBuildPhase;
			buildActionMask = 2147483647;
			files = (
				5ADAEACE1B1E53D000D68ADC /* GeoJsonMapKitTests.m in Sources */,
			);
			runOnlyForDeploymentPostprocessing = 0;
		};
/* End PBXSourcesBuildPhase section */

/* Begin PBXTargetDependency section */
		5ADAEAC91B1E53D000D68ADC /* PBXTargetDependency */ = {
			isa = PBXTargetDependency;
			target = 5ADAEAAD1B1E53D000D68ADC /* GeoJsonMapKit */;
			targetProxy = 5ADAEAC81B1E53D000D68ADC /* PBXContainerItemProxy */;
		};
/* End PBXTargetDependency section */

/* Begin PBXVariantGroup section */
		5ADAEABB1B1E53D000D68ADC /* Main.storyboard */ = {
			isa = PBXVariantGroup;
			children = (
				5ADAEABC1B1E53D000D68ADC /* Base */,
			);
			name = Main.storyboard;
			sourceTree = "<group>";
		};
		5ADAEAC01B1E53D000D68ADC /* LaunchScreen.xib */ = {
			isa = PBXVariantGroup;
			children = (
				5ADAEAC11B1E53D000D68ADC /* Base */,
			);
			name = LaunchScreen.xib;
			sourceTree = "<group>";
		};
/* End PBXVariantGroup section */

/* Begin XCBuildConfiguration section */
		5ADAEACF1B1E53D000D68ADC /* Debug */ = {
			isa = XCBuildConfiguration;
			buildSettings = {
				ALWAYS_SEARCH_USER_PATHS = NO;
				CLANG_CXX_LANGUAGE_STANDARD = "gnu++0x";
				CLANG_CXX_LIBRARY = "libc++";
				CLANG_ENABLE_MODULES = YES;
				CLANG_ENABLE_OBJC_ARC = YES;
				CLANG_WARN_BOOL_CONVERSION = YES;
				CLANG_WARN_CONSTANT_CONVERSION = YES;
				CLANG_WARN_DIRECT_OBJC_ISA_USAGE = YES_ERROR;
				CLANG_WARN_EMPTY_BODY = YES;
				CLANG_WARN_ENUM_CONVERSION = YES;
				CLANG_WARN_INT_CONVERSION = YES;
				CLANG_WARN_OBJC_ROOT_CLASS = YES_ERROR;
				CLANG_WARN_UNREACHABLE_CODE = YES;
				CLANG_WARN__DUPLICATE_METHOD_MATCH = YES;
				"CODE_SIGN_IDENTITY[sdk=iphoneos*]" = "iPhone Developer";
				COPY_PHASE_STRIP = NO;
				DEBUG_INFORMATION_FORMAT = "dwarf-with-dsym";
				ENABLE_STRICT_OBJC_MSGSEND = YES;
				GCC_C_LANGUAGE_STANDARD = gnu99;
				GCC_DYNAMIC_NO_PIC = NO;
				GCC_NO_COMMON_BLOCKS = YES;
				GCC_OPTIMIZATION_LEVEL = 0;
				GCC_PREPROCESSOR_DEFINITIONS = (
					"DEBUG=1",
					"$(inherited)",
				);
				GCC_SYMBOLS_PRIVATE_EXTERN = NO;
				GCC_WARN_64_TO_32_BIT_CONVERSION = YES;
				GCC_WARN_ABOUT_RETURN_TYPE = YES_ERROR;
				GCC_WARN_UNDECLARED_SELECTOR = YES;
				GCC_WARN_UNINITIALIZED_AUTOS = YES_AGGRESSIVE;
				GCC_WARN_UNUSED_FUNCTION = YES;
				GCC_WARN_UNUSED_VARIABLE = YES;
				IPHONEOS_DEPLOYMENT_TARGET = 8.3;
				MTL_ENABLE_DEBUG_INFO = YES;
				ONLY_ACTIVE_ARCH = YES;
				SDKROOT = iphoneos;
				TARGETED_DEVICE_FAMILY = "1,2";
			};
			name = Debug;
		};
		5ADAEAD01B1E53D000D68ADC /* Release */ = {
			isa = XCBuildConfiguration;
			buildSettings = {
				ALWAYS_SEARCH_USER_PATHS = NO;
				CLANG_CXX_LANGUAGE_STANDARD = "gnu++0x";
				CLANG_CXX_LIBRARY = "libc++";
				CLANG_ENABLE_MODULES = YES;
				CLANG_ENABLE_OBJC_ARC = YES;
				CLANG_WARN_BOOL_CONVERSION = YES;
				CLANG_WARN_CONSTANT_CONVERSION = YES;
				CLANG_WARN_DIRECT_OBJC_ISA_USAGE = YES_ERROR;
				CLANG_WARN_EMPTY_BODY = YES;
				CLANG_WARN_ENUM_CONVERSION = YES;
				CLANG_WARN_INT_CONVERSION = YES;
				CLANG_WARN_OBJC_ROOT_CLASS = YES_ERROR;
				CLANG_WARN_UNREACHABLE_CODE = YES;
				CLANG_WARN__DUPLICATE_METHOD_MATCH = YES;
				"CODE_SIGN_IDENTITY[sdk=iphoneos*]" = "iPhone Developer";
				COPY_PHASE_STRIP = NO;
				DEBUG_INFORMATION_FORMAT = "dwarf-with-dsym";
				ENABLE_NS_ASSERTIONS = NO;
				ENABLE_STRICT_OBJC_MSGSEND = YES;
				GCC_C_LANGUAGE_STANDARD = gnu99;
				GCC_NO_COMMON_BLOCKS = YES;
				GCC_WARN_64_TO_32_BIT_CONVERSION = YES;
				GCC_WARN_ABOUT_RETURN_TYPE = YES_ERROR;
				GCC_WARN_UNDECLARED_SELECTOR = YES;
				GCC_WARN_UNINITIALIZED_AUTOS = YES_AGGRESSIVE;
				GCC_WARN_UNUSED_FUNCTION = YES;
				GCC_WARN_UNUSED_VARIABLE = YES;
				IPHONEOS_DEPLOYMENT_TARGET = 8.3;
				MTL_ENABLE_DEBUG_INFO = NO;
				SDKROOT = iphoneos;
				TARGETED_DEVICE_FAMILY = "1,2";
				VALIDATE_PRODUCT = YES;
			};
			name = Release;
		};
		5ADAEAD21B1E53D000D68ADC /* Debug */ = {
			isa = XCBuildConfiguration;
			buildSettings = {
				ASSETCATALOG_COMPILER_APPICON_NAME = AppIcon;
				INFOPLIST_FILE = GeoJsonMapKit/Info.plist;
				LD_RUNPATH_SEARCH_PATHS = "$(inherited) @executable_path/Frameworks";
				PRODUCT_NAME = "$(TARGET_NAME)";
			};
			name = Debug;
		};
		5ADAEAD31B1E53D000D68ADC /* Release */ = {
			isa = XCBuildConfiguration;
			buildSettings = {
				ASSETCATALOG_COMPILER_APPICON_NAME = AppIcon;
				INFOPLIST_FILE = GeoJsonMapKit/Info.plist;
				LD_RUNPATH_SEARCH_PATHS = "$(inherited) @executable_path/Frameworks";
				PRODUCT_NAME = "$(TARGET_NAME)";
			};
			name = Release;
		};
		5ADAEAD51B1E53D000D68ADC /* Debug */ = {
			isa = XCBuildConfiguration;
			buildSettings = {
				BUNDLE_LOADER = "$(TEST_HOST)";
				FRAMEWORK_SEARCH_PATHS = (
					"$(SDKROOT)/Developer/Library/Frameworks",
					"$(inherited)",
				);
				GCC_PREPROCESSOR_DEFINITIONS = (
					"DEBUG=1",
					"$(inherited)",
				);
				INFOPLIST_FILE = GeoJsonMapKitTests/Info.plist;
				LD_RUNPATH_SEARCH_PATHS = "$(inherited) @executable_path/Frameworks @loader_path/Frameworks";
				PRODUCT_NAME = "$(TARGET_NAME)";
				TEST_HOST = "$(BUILT_PRODUCTS_DIR)/GeoJsonMapKit.app/GeoJsonMapKit";
			};
			name = Debug;
		};
		5ADAEAD61B1E53D000D68ADC /* Release */ = {
			isa = XCBuildConfiguration;
			buildSettings = {
				BUNDLE_LOADER = "$(TEST_HOST)";
				FRAMEWORK_SEARCH_PATHS = (
					"$(SDKROOT)/Developer/Library/Frameworks",
					"$(inherited)",
				);
				INFOPLIST_FILE = GeoJsonMapKitTests/Info.plist;
				LD_RUNPATH_SEARCH_PATHS = "$(inherited) @executable_path/Frameworks @loader_path/Frameworks";
				PRODUCT_NAME = "$(TARGET_NAME)";
				TEST_HOST = "$(BUILT_PRODUCTS_DIR)/GeoJsonMapKit.app/GeoJsonMapKit";
			};
			name = Release;
		};
/* End XCBuildConfiguration section */

/* Begin XCConfigurationList section */
		5ADAEAA91B1E53D000D68ADC /* Build configuration list for PBXProject "GeoJsonMapKit" */ = {
			isa = XCConfigurationList;
			buildConfigurations = (
				5ADAEACF1B1E53D000D68ADC /* Debug */,
				5ADAEAD01B1E53D000D68ADC /* Release */,
			);
			defaultConfigurationIsVisible = 0;
			defaultConfigurationName = Release;
		};
		5ADAEAD11B1E53D000D68ADC /* Build configuration list for PBXNativeTarget "GeoJsonMapKit" */ = {
			isa = XCConfigurationList;
			buildConfigurations = (
				5ADAEAD21B1E53D000D68ADC /* Debug */,
				5ADAEAD31B1E53D000D68ADC /* Release */,
			);
			defaultConfigurationIsVisible = 0;
		};
		5ADAEAD41B1E53D000D68ADC /* Build configuration list for PBXNativeTarget "GeoJsonMapKitTests" */ = {
			isa = XCConfigurationList;
			buildConfigurations = (
				5ADAEAD51B1E53D000D68ADC /* Debug */,
				5ADAEAD61B1E53D000D68ADC /* Release */,
			);
			defaultConfigurationIsVisible = 0;
		};
/* End XCConfigurationList section */
	};
	rootObject = 5ADAEAA61B1E53D000D68ADC /* Project object */;
}
